// !$*UTF8*$!
{
	archiveVersion = 1;
	classes = {
	};
	objectVersion = 56;
	objects = {

/* Begin PBXBuildFile section */
		FC655CD928EDE49B00C1B4AB /* SampleNeumorphismApp.swift in Sources */ = {isa = PBXBuildFile; fileRef = FC655CD828EDE49B00C1B4AB /* SampleNeumorphismApp.swift */; };
		FC655CDB28EDE49B00C1B4AB /* ContentView.swift in Sources */ = {isa = PBXBuildFile; fileRef = FC655CDA28EDE49B00C1B4AB /* ContentView.swift */; };
		FC655CDD28EDE4A200C1B4AB /* Assets.xcassets in Resources */ = {isa = PBXBuildFile; fileRef = FC655CDC28EDE4A200C1B4AB /* Assets.xcassets */; };
		FC655CE028EDE4A200C1B4AB /* Preview Assets.xcassets in Resources */ = {isa = PBXBuildFile; fileRef = FC655CDF28EDE4A200C1B4AB /* Preview Assets.xcassets */; };
		FC655CEA28EDE4A200C1B4AB /* SampleNeumorphismTests.swift in Sources */ = {isa = PBXBuildFile; fileRef = FC655CE928EDE4A200C1B4AB /* SampleNeumorphismTests.swift */; };
		FC655CF428EDE4A200C1B4AB /* SampleNeumorphismUITests.swift in Sources */ = {isa = PBXBuildFile; fileRef = FC655CF328EDE4A200C1B4AB /* SampleNeumorphismUITests.swift */; };
		FC655CF628EDE4A200C1B4AB /* SampleNeumorphismUITestsLaunchTests.swift in Sources */ = {isa = PBXBuildFile; fileRef = FC655CF528EDE4A200C1B4AB /* SampleNeumorphismUITestsLaunchTests.swift */; };
/* End PBXBuildFile section */

/* Begin PBXContainerItemProxy section */
		FC655CE628EDE4A200C1B4AB /* PBXContainerItemProxy */ = {
			isa = PBXContainerItemProxy;
			containerPortal = FC655CCD28EDE49B00C1B4AB /* Project object */;
			proxyType = 1;
			remoteGlobalIDString = FC655CD428EDE49B00C1B4AB;
			remoteInfo = SampleNeumorphism;
		};
		FC655CF028EDE4A200C1B4AB /* PBXContainerItemProxy */ = {
			isa = PBXContainerItemProxy;
			containerPortal = FC655CCD28EDE49B00C1B4AB /* Project object */;
			proxyType = 1;
			remoteGlobalIDString = FC655CD428EDE49B00C1B4AB;
			remoteInfo = SampleNeumorphism;
		};
/* End PBXContainerItemProxy section */

/* Begin PBXFileReference section */
		FC655CD528EDE49B00C1B4AB /* SampleNeumorphism.app */ = {isa = PBXFileReference; explicitFileType = wrapper.application; includeInIndex = 0; path = SampleNeumorphism.app; sourceTree = BUILT_PRODUCTS_DIR; };
		FC655CD828EDE49B00C1B4AB /* SampleNeumorphismApp.swift */ = {isa = PBXFileReference; lastKnownFileType = sourcecode.swift; path = SampleNeumorphismApp.swift; sourceTree = "<group>"; };
		FC655CDA28EDE49B00C1B4AB /* ContentView.swift */ = {isa = PBXFileReference; lastKnownFileType = sourcecode.swift; path = ContentView.swift; sourceTree = "<group>"; };
		FC655CDC28EDE4A200C1B4AB /* Assets.xcassets */ = {isa = PBXFileReference; lastKnownFileType = folder.assetcatalog; path = Assets.xcassets; sourceTree = "<group>"; };
		FC655CDF28EDE4A200C1B4AB /* Preview Assets.xcassets */ = {isa = PBXFileReference; lastKnownFileType = folder.assetcatalog; path = "Preview Assets.xcassets"; sourceTree = "<group>"; };
		FC655CE528EDE4A200C1B4AB /* SampleNeumorphismTests.xctest */ = {isa = PBXFileReference; explicitFileType = wrapper.cfbundle; includeInIndex = 0; path = SampleNeumorphismTests.xctest; sourceTree = BUILT_PRODUCTS_DIR; };
		FC655CE928EDE4A200C1B4AB /* SampleNeumorphismTests.swift */ = {isa = PBXFileReference; lastKnownFileType = sourcecode.swift; path = SampleNeumorphismTests.swift; sourceTree = "<group>"; };
		FC655CEF28EDE4A200C1B4AB /* SampleNeumorphismUITests.xctest */ = {isa = PBXFileReference; explicitFileType = wrapper.cfbundle; includeInIndex = 0; path = SampleNeumorphismUITests.xctest; sourceTree = BUILT_PRODUCTS_DIR; };
		FC655CF328EDE4A200C1B4AB /* SampleNeumorphismUITests.swift */ = {isa = PBXFileReference; lastKnownFileType = sourcecode.swift; path = SampleNeumorphismUITests.swift; sourceTree = "<group>"; };
		FC655CF528EDE4A200C1B4AB /* SampleNeumorphismUITestsLaunchTests.swift */ = {isa = PBXFileReference; lastKnownFileType = sourcecode.swift; path = SampleNeumorphismUITestsLaunchTests.swift; sourceTree = "<group>"; };
/* End PBXFileReference section */

/* Begin PBXFrameworksBuildPhase section */
		FC655CD228EDE49B00C1B4AB /* Frameworks */ = {
			isa = PBXFrameworksBuildPhase;
			buildActionMask = 2147483647;
			files = (
			);
			runOnlyForDeploymentPostprocessing = 0;
		};
		FC655CE228EDE4A200C1B4AB /* Frameworks */ = {
			isa = PBXFrameworksBuildPhase;
			buildActionMask = 2147483647;
			files = (
			);
			runOnlyForDeploymentPostprocessing = 0;
		};
		FC655CEC28EDE4A200C1B4AB /* Frameworks */ = {
			isa = PBXFrameworksBuildPhase;
			buildActionMask = 2147483647;
			files = (
			);
			runOnlyForDeploymentPostprocessing = 0;
		};
/* End PBXFrameworksBuildPhase section */

/* Begin PBXGroup section */
		FC655CCC28EDE49B00C1B4AB = {
			isa = PBXGroup;
			children = (
				FC655CD728EDE49B00C1B4AB /* SampleNeumorphism */,
				FC655CE828EDE4A200C1B4AB /* SampleNeumorphismTests */,
				FC655CF228EDE4A200C1B4AB /* SampleNeumorphismUITests */,
				FC655CD628EDE49B00C1B4AB /* Products */,
			);
			sourceTree = "<group>";
		};
		FC655CD628EDE49B00C1B4AB /* Products */ = {
			isa = PBXGroup;
			children = (
				FC655CD528EDE49B00C1B4AB /* SampleNeumorphism.app */,
				FC655CE528EDE4A200C1B4AB /* SampleNeumorphismTests.xctest */,
				FC655CEF28EDE4A200C1B4AB /* SampleNeumorphismUITests.xctest */,
			);
			name = Products;
			sourceTree = "<group>";
		};
		FC655CD728EDE49B00C1B4AB /* SampleNeumorphism */ = {
			isa = PBXGroup;
			children = (
				FC655CD828EDE49B00C1B4AB /* SampleNeumorphismApp.swift */,
				FC655CDA28EDE49B00C1B4AB /* ContentView.swift */,
				FC655CDC28EDE4A200C1B4AB /* Assets.xcassets */,
				FC655CDE28EDE4A200C1B4AB /* Preview Content */,
			);
			path = SampleNeumorphism;
			sourceTree = "<group>";
		};
		FC655CDE28EDE4A200C1B4AB /* Preview Content */ = {
			isa = PBXGroup;
			children = (
				FC655CDF28EDE4A200C1B4AB /* Preview Assets.xcassets */,
			);
			path = "Preview Content";
			sourceTree = "<group>";
		};
		FC655CE828EDE4A200C1B4AB /* SampleNeumorphismTests */ = {
			isa = PBXGroup;
			children = (
				FC655CE928EDE4A200C1B4AB /* SampleNeumorphismTests.swift */,
			);
			path = SampleNeumorphismTests;
			sourceTree = "<group>";
		};
		FC655CF228EDE4A200C1B4AB /* SampleNeumorphismUITests */ = {
			isa = PBXGroup;
			children = (
				FC655CF328EDE4A200C1B4AB /* SampleNeumorphismUITests.swift */,
				FC655CF528EDE4A200C1B4AB /* SampleNeumorphismUITestsLaunchTests.swift */,
			);
			path = SampleNeumorphismUITests;
			sourceTree = "<group>";
		};
/* End PBXGroup section */

/* Begin PBXNativeTarget section */
		FC655CD428EDE49B00C1B4AB /* SampleNeumorphism */ = {
			isa = PBXNativeTarget;
			buildConfigurationList = FC655CF928EDE4A200C1B4AB /* Build configuration list for PBXNativeTarget "SampleNeumorphism" */;
			buildPhases = (
				FC655CD128EDE49B00C1B4AB /* Sources */,
				FC655CD228EDE49B00C1B4AB /* Frameworks */,
				FC655CD328EDE49B00C1B4AB /* Resources */,
			);
			buildRules = (
			);
			dependencies = (
			);
			name = SampleNeumorphism;
			productName = SampleNeumorphism;
			productReference = FC655CD528EDE49B00C1B4AB /* SampleNeumorphism.app */;
			productType = "com.apple.product-type.application";
		};
		FC655CE428EDE4A200C1B4AB /* SampleNeumorphismTests */ = {
			isa = PBXNativeTarget;
			buildConfigurationList = FC655CFC28EDE4A200C1B4AB /* Build configuration list for PBXNativeTarget "SampleNeumorphismTests" */;
			buildPhases = (
				FC655CE128EDE4A200C1B4AB /* Sources */,
				FC655CE228EDE4A200C1B4AB /* Frameworks */,
				FC655CE328EDE4A200C1B4AB /* Resources */,
			);
			buildRules = (
			);
			dependencies = (
				FC655CE728EDE4A200C1B4AB /* PBXTargetDependency */,
			);
			name = SampleNeumorphismTests;
			productName = SampleNeumorphismTests;
			productReference = FC655CE528EDE4A200C1B4AB /* SampleNeumorphismTests.xctest */;
			productType = "com.apple.product-type.bundle.unit-test";
		};
		FC655CEE28EDE4A200C1B4AB /* SampleNeumorphismUITests */ = {
			isa = PBXNativeTarget;
			buildConfigurationList = FC655CFF28EDE4A200C1B4AB /* Build configuration list for PBXNativeTarget "SampleNeumorphismUITests" */;
			buildPhases = (
				FC655CEB28EDE4A200C1B4AB /* Sources */,
				FC655CEC28EDE4A200C1B4AB /* Frameworks */,
				FC655CED28EDE4A200C1B4AB /* Resources */,
			);
			buildRules = (
			);
			dependencies = (
				FC655CF128EDE4A200C1B4AB /* PBXTargetDependency */,
			);
			name = SampleNeumorphismUITests;
			productName = SampleNeumorphismUITests;
			productReference = FC655CEF28EDE4A200C1B4AB /* SampleNeumorphismUITests.xctest */;
			productType = "com.apple.product-type.bundle.ui-testing";
		};
/* End PBXNativeTarget section */

/* Begin PBXProject section */
		FC655CCD28EDE49B00C1B4AB /* Project object */ = {
			isa = PBXProject;
			attributes = {
				BuildIndependentTargetsInParallel = 1;
				LastSwiftUpdateCheck = 1400;
				LastUpgradeCheck = 1400;
				TargetAttributes = {
					FC655CD428EDE49B00C1B4AB = {
						CreatedOnToolsVersion = 14.0;
					};
					FC655CE428EDE4A200C1B4AB = {
						CreatedOnToolsVersion = 14.0;
						TestTargetID = FC655CD428EDE49B00C1B4AB;
					};
					FC655CEE28EDE4A200C1B4AB = {
						CreatedOnToolsVersion = 14.0;
						TestTargetID = FC655CD428EDE49B00C1B4AB;
					};
				};
			};
			buildConfigurationList = FC655CD028EDE49B00C1B4AB /* Build configuration list for PBXProject "SampleNeumorphism" */;
			compatibilityVersion = "Xcode 14.0";
			developmentRegion = en;
			hasScannedForEncodings = 0;
			knownRegions = (
				en,
				Base,
			);
			mainGroup = FC655CCC28EDE49B00C1B4AB;
			productRefGroup = FC655CD628EDE49B00C1B4AB /* Products */;
			projectDirPath = "";
			projectRoot = "";
			targets = (
				FC655CD428EDE49B00C1B4AB /* SampleNeumorphism */,
				FC655CE428EDE4A200C1B4AB /* SampleNeumorphismTests */,
				FC655CEE28EDE4A200C1B4AB /* SampleNeumorphismUITests */,
			);
		};
/* End PBXProject section */

/* Begin PBXResourcesBuildPhase section */
		FC655CD328EDE49B00C1B4AB /* Resources */ = {
			isa = PBXResourcesBuildPhase;
			buildActionMask = 2147483647;
			files = (
				FC655CE028EDE4A200C1B4AB /* Preview Assets.xcassets in Resources */,
				FC655CDD28EDE4A200C1B4AB /* Assets.xcassets in Resources */,
			);
			runOnlyForDeploymentPostprocessing = 0;
		};
		FC655CE328EDE4A200C1B4AB /* Resources */ = {
			isa = PBXResourcesBuildPhase;
			buildActionMask = 2147483647;
			files = (
			);
			runOnlyForDeploymentPostprocessing = 0;
		};
		FC655CED28EDE4A200C1B4AB /* Resources */ = {
			isa = PBXResourcesBuildPhase;
			buildActionMask = 2147483647;
			files = (
			);
			runOnlyForDeploymentPostprocessing = 0;
		};
/* End PBXResourcesBuildPhase section */

/* Begin PBXSourcesBuildPhase section */
		FC655CD128EDE49B00C1B4AB /* Sources */ = {
			isa = PBXSourcesBuildPhase;
			buildActionMask = 2147483647;
			files = (
				FC655CDB28EDE49B00C1B4AB /* ContentView.swift in Sources */,
				FC655CD928EDE49B00C1B4AB /* SampleNeumorphismApp.swift in Sources */,
			);
			runOnlyForDeploymentPostprocessing = 0;
		};
		FC655CE128EDE4A200C1B4AB /* Sources */ = {
			isa = PBXSourcesBuildPhase;
			buildActionMask = 2147483647;
			files = (
				FC655CEA28EDE4A200C1B4AB /* SampleNeumorphismTests.swift in Sources */,
			);
			runOnlyForDeploymentPostprocessing = 0;
		};
		FC655CEB28EDE4A200C1B4AB /* Sources */ = {
			isa = PBXSourcesBuildPhase;
			buildActionMask = 2147483647;
			files = (
				FC655CF628EDE4A200C1B4AB /* SampleNeumorphismUITestsLaunchTests.swift in Sources */,
				FC655CF428EDE4A200C1B4AB /* SampleNeumorphismUITests.swift in Sources */,
			);
			runOnlyForDeploymentPostprocessing = 0;
		};
/* End PBXSourcesBuildPhase section */

/* Begin PBXTargetDependency section */
		FC655CE728EDE4A200C1B4AB /* PBXTargetDependency */ = {
			isa = PBXTargetDependency;
			target = FC655CD428EDE49B00C1B4AB /* SampleNeumorphism */;
			targetProxy = FC655CE628EDE4A200C1B4AB /* PBXContainerItemProxy */;
		};
		FC655CF128EDE4A200C1B4AB /* PBXTargetDependency */ = {
			isa = PBXTargetDependency;
			target = FC655CD428EDE49B00C1B4AB /* SampleNeumorphism */;
			targetProxy = FC655CF028EDE4A200C1B4AB /* PBXContainerItemProxy */;
		};
/* End PBXTargetDependency section */

/* Begin XCBuildConfiguration section */
		FC655CF728EDE4A200C1B4AB /* Debug */ = {
			isa = XCBuildConfiguration;
			buildSettings = {
				ALWAYS_SEARCH_USER_PATHS = NO;
				CLANG_ANALYZER_NONNULL = YES;
				CLANG_ANALYZER_NUMBER_OBJECT_CONVERSION = YES_AGGRESSIVE;
				CLANG_CXX_LANGUAGE_STANDARD = "gnu++20";
				CLANG_ENABLE_MODULES = YES;
				CLANG_ENABLE_OBJC_ARC = YES;
				CLANG_ENABLE_OBJC_WEAK = YES;
				CLANG_WARN_BLOCK_CAPTURE_AUTORELEASING = YES;
				CLANG_WARN_BOOL_CONVERSION = YES;
				CLANG_WARN_COMMA = YES;
				CLANG_WARN_CONSTANT_CONVERSION = YES;
				CLANG_WARN_DEPRECATED_OBJC_IMPLEMENTATIONS = YES;
				CLANG_WARN_DIRECT_OBJC_ISA_USAGE = YES_ERROR;
				CLANG_WARN_DOCUMENTATION_COMMENTS = YES;
				CLANG_WARN_EMPTY_BODY = YES;
				CLANG_WARN_ENUM_CONVERSION = YES;
				CLANG_WARN_INFINITE_RECURSION = YES;
				CLANG_WARN_INT_CONVERSION = YES;
				CLANG_WARN_NON_LITERAL_NULL_CONVERSION = YES;
				CLANG_WARN_OBJC_IMPLICIT_RETAIN_SELF = YES;
				CLANG_WARN_OBJC_LITERAL_CONVERSION = YES;
				CLANG_WARN_OBJC_ROOT_CLASS = YES_ERROR;
				CLANG_WARN_QUOTED_INCLUDE_IN_FRAMEWORK_HEADER = YES;
				CLANG_WARN_RANGE_LOOP_ANALYSIS = YES;
				CLANG_WARN_STRICT_PROTOTYPES = YES;
				CLANG_WARN_SUSPICIOUS_MOVE = YES;
				CLANG_WARN_UNGUARDED_AVAILABILITY = YES_AGGRESSIVE;
				CLANG_WARN_UNREACHABLE_CODE = YES;
				CLANG_WARN__DUPLICATE_METHOD_MATCH = YES;
				COPY_PHASE_STRIP = NO;
				DEBUG_INFORMATION_FORMAT = dwarf;
				ENABLE_STRICT_OBJC_MSGSEND = YES;
				ENABLE_TESTABILITY = YES;
				GCC_C_LANGUAGE_STANDARD = gnu11;
				GCC_DYNAMIC_NO_PIC = NO;
				GCC_NO_COMMON_BLOCKS = YES;
				GCC_OPTIMIZATION_LEVEL = 0;
				GCC_PREPROCESSOR_DEFINITIONS = (
					"DEBUG=1",
					"$(inherited)",
				);
				GCC_WARN_64_TO_32_BIT_CONVERSION = YES;
				GCC_WARN_ABOUT_RETURN_TYPE = YES_ERROR;
				GCC_WARN_UNDECLARED_SELECTOR = YES;
				GCC_WARN_UNINITIALIZED_AUTOS = YES_AGGRESSIVE;
				GCC_WARN_UNUSED_FUNCTION = YES;
				GCC_WARN_UNUSED_VARIABLE = YES;
				IPHONEOS_DEPLOYMENT_TARGET = 16.0;
				MTL_ENABLE_DEBUG_INFO = INCLUDE_SOURCE;
				MTL_FAST_MATH = YES;
				ONLY_ACTIVE_ARCH = YES;
				SDKROOT = iphoneos;
				SWIFT_ACTIVE_COMPILATION_CONDITIONS = DEBUG;
				SWIFT_OPTIMIZATION_LEVEL = "-Onone";
			};
			name = Debug;
		};
		FC655CF828EDE4A200C1B4AB /* Release */ = {
			isa = XCBuildConfiguration;
			buildSettings = {
				ALWAYS_SEARCH_USER_PATHS = NO;
				CLANG_ANALYZER_NONNULL = YES;
				CLANG_ANALYZER_NUMBER_OBJECT_CONVERSION = YES_AGGRESSIVE;
				CLANG_CXX_LANGUAGE_STANDARD = "gnu++20";
				CLANG_ENABLE_MODULES = YES;
				CLANG_ENABLE_OBJC_ARC = YES;
				CLANG_ENABLE_OBJC_WEAK = YES;
				CLANG_WARN_BLOCK_CAPTURE_AUTORELEASING = YES;
				CLANG_WARN_BOOL_CONVERSION = YES;
				CLANG_WARN_COMMA = YES;
				CLANG_WARN_CONSTANT_CONVERSION = YES;
				CLANG_WARN_DEPRECATED_OBJC_IMPLEMENTATIONS = YES;
				CLANG_WARN_DIRECT_OBJC_ISA_USAGE = YES_ERROR;
				CLANG_WARN_DOCUMENTATION_COMMENTS = YES;
				CLANG_WARN_EMPTY_BODY = YES;
				CLANG_WARN_ENUM_CONVERSION = YES;
				CLANG_WARN_INFINITE_RECURSION = YES;
				CLANG_WARN_INT_CONVERSION = YES;
				CLANG_WARN_NON_LITERAL_NULL_CONVERSION = YES;
				CLANG_WARN_OBJC_IMPLICIT_RETAIN_SELF = YES;
				CLANG_WARN_OBJC_LITERAL_CONVERSION = YES;
				CLANG_WARN_OBJC_ROOT_CLASS = YES_ERROR;
				CLANG_WARN_QUOTED_INCLUDE_IN_FRAMEWORK_HEADER = YES;
				CLANG_WARN_RANGE_LOOP_ANALYSIS = YES;
				CLANG_WARN_STRICT_PROTOTYPES = YES;
				CLANG_WARN_SUSPICIOUS_MOVE = YES;
				CLANG_WARN_UNGUARDED_AVAILABILITY = YES_AGGRESSIVE;
				CLANG_WARN_UNREACHABLE_CODE = YES;
				CLANG_WARN__DUPLICATE_METHOD_MATCH = YES;
				COPY_PHASE_STRIP = NO;
				DEBUG_INFORMATION_FORMAT = "dwarf-with-dsym";
				ENABLE_NS_ASSERTIONS = NO;
				ENABLE_STRICT_OBJC_MSGSEND = YES;
				GCC_C_LANGUAGE_STANDARD = gnu11;
				GCC_NO_COMMON_BLOCKS = YES;
				GCC_WARN_64_TO_32_BIT_CONVERSION = YES;
				GCC_WARN_ABOUT_RETURN_TYPE = YES_ERROR;
				GCC_WARN_UNDECLARED_SELECTOR = YES;
				GCC_WARN_UNINITIALIZED_AUTOS = YES_AGGRESSIVE;
				GCC_WARN_UNUSED_FUNCTION = YES;
				GCC_WARN_UNUSED_VARIABLE = YES;
				IPHONEOS_DEPLOYMENT_TARGET = 16.0;
				MTL_ENABLE_DEBUG_INFO = NO;
				MTL_FAST_MATH = YES;
				SDKROOT = iphoneos;
				SWIFT_COMPILATION_MODE = wholemodule;
				SWIFT_OPTIMIZATION_LEVEL = "-O";
				VALIDATE_PRODUCT = YES;
			};
			name = Release;
		};
		FC655CFA28EDE4A200C1B4AB /* Debug */ = {
			isa = XCBuildConfiguration;
			buildSettings = {
				ASSETCATALOG_COMPILER_APPICON_NAME = AppIcon;
				ASSETCATALOG_COMPILER_GLOBAL_ACCENT_COLOR_NAME = AccentColor;
				CODE_SIGN_STYLE = Automatic;
				CURRENT_PROJECT_VERSION = 1;
				DEVELOPMENT_ASSET_PATHS = "\"SampleNeumorphism/Preview Content\"";
				DEVELOPMENT_TEAM = D2LPL47T23;
				ENABLE_PREVIEWS = YES;
				GENERATE_INFOPLIST_FILE = YES;
				INFOPLIST_KEY_UIApplicationSceneManifest_Generation = YES;
				INFOPLIST_KEY_UIApplicationSupportsIndirectInputEvents = YES;
				INFOPLIST_KEY_UILaunchScreen_Generation = YES;
				INFOPLIST_KEY_UISupportedInterfaceOrientations_iPad = "UIInterfaceOrientationPortrait UIInterfaceOrientationPortraitUpsideDown UIInterfaceOrientationLandscapeLeft UIInterfaceOrientationLandscapeRight";
				INFOPLIST_KEY_UISupportedInterfaceOrientations_iPhone = "UIInterfaceOrientationPortrait UIInterfaceOrientationLandscapeLeft UIInterfaceOrientationLandscapeRight";
				LD_RUNPATH_SEARCH_PATHS = (
					"$(inherited)",
					"@executable_path/Frameworks",
				);
				MARKETING_VERSION = 1.0;
				PRODUCT_BUNDLE_IDENTIFIER = com.tanaka.SampleNeumorphism;
				PRODUCT_NAME = "$(TARGET_NAME)";
				SWIFT_EMIT_LOC_STRINGS = YES;
				SWIFT_VERSION = 5.0;
				TARGETED_DEVICE_FAMILY = "1,2";
			};
			name = Debug;
		};
		FC655CFB28EDE4A200C1B4AB /* Release */ = {
			isa = XCBuildConfiguration;
			buildSettings = {
				ASSETCATALOG_COMPILER_APPICON_NAME = AppIcon;
				ASSETCATALOG_COMPILER_GLOBAL_ACCENT_COLOR_NAME = AccentColor;
				CODE_SIGN_STYLE = Automatic;
				CURRENT_PROJECT_VERSION = 1;
				DEVELOPMENT_ASSET_PATHS = "\"SampleNeumorphism/Preview Content\"";
				DEVELOPMENT_TEAM = D2LPL47T23;
				ENABLE_PREVIEWS = YES;
				GENERATE_INFOPLIST_FILE = YES;
				INFOPLIST_KEY_UIApplicationSceneManifest_Generation = YES;
				INFOPLIST_KEY_UIApplicationSupportsIndirectInputEvents = YES;
				INFOPLIST_KEY_UILaunchScreen_Generation = YES;
				INFOPLIST_KEY_UISupportedInterfaceOrientations_iPad = "UIInterfaceOrientationPortrait UIInterfaceOrientationPortraitUpsideDown UIInterfaceOrientationLandscapeLeft UIInterfaceOrientationLandscapeRight";
				INFOPLIST_KEY_UISupportedInterfaceOrientations_iPhone = "UIInterfaceOrientationPortrait UIInterfaceOrientationLandscapeLeft UIInterfaceOrientationLandscapeRight";
				LD_RUNPATH_SEARCH_PATHS = (
					"$(inherited)",
					"@executable_path/Frameworks",
				);
				MARKETING_VERSION = 1.0;
				PRODUCT_BUNDLE_IDENTIFIER = com.tanaka.SampleNeumorphism;
				PRODUCT_NAME = "$(TARGET_NAME)";
				SWIFT_EMIT_LOC_STRINGS = YES;
				SWIFT_VERSION = 5.0;
				TARGETED_DEVICE_FAMILY = "1,2";
			};
			name = Release;
		};
		FC655CFD28EDE4A200C1B4AB /* Debug */ = {
			isa = XCBuildConfiguration;
			buildSettings = {
				ALWAYS_EMBED_SWIFT_STANDARD_LIBRARIES = YES;
				BUNDLE_LOADER = "$(TEST_HOST)";
				CODE_SIGN_STYLE = Automatic;
				CURRENT_PROJECT_VERSION = 1;
				DEVELOPMENT_TEAM = D2LPL47T23;
				GENERATE_INFOPLIST_FILE = YES;
				IPHONEOS_DEPLOYMENT_TARGET = 16.0;
				MARKETING_VERSION = 1.0;
				PRODUCT_BUNDLE_IDENTIFIER = com.tanaka.SampleNeumorphismTests;
				PRODUCT_NAME = "$(TARGET_NAME)";
				SWIFT_EMIT_LOC_STRINGS = NO;
				SWIFT_VERSION = 5.0;
				TARGETED_DEVICE_FAMILY = "1,2";
				TEST_HOST = "$(BUILT_PRODUCTS_DIR)/SampleNeumorphism.app/$(BUNDLE_EXECUTABLE_FOLDER_PATH)/SampleNeumorphism";
			};
			name = Debug;
		};
		FC655CFE28EDE4A200C1B4AB /* Release */ = {
			isa = XCBuildConfiguration;
			buildSettings = {
				ALWAYS_EMBED_SWIFT_STANDARD_LIBRARIES = YES;
				BUNDLE_LOADER = "$(TEST_HOST)";
				CODE_SIGN_STYLE = Automatic;
				CURRENT_PROJECT_VERSION = 1;
				DEVELOPMENT_TEAM = D2LPL47T23;
				GENERATE_INFOPLIST_FILE = YES;
				IPHONEOS_DEPLOYMENT_TARGET = 16.0;
				MARKETING_VERSION = 1.0;
				PRODUCT_BUNDLE_IDENTIFIER = com.tanaka.SampleNeumorphismTests;
				PRODUCT_NAME = "$(TARGET_NAME)";
				SWIFT_EMIT_LOC_STRINGS = NO;
				SWIFT_VERSION = 5.0;
				TARGETED_DEVICE_FAMILY = "1,2";
				TEST_HOST = "$(BUILT_PRODUCTS_DIR)/SampleNeumorphism.app/$(BUNDLE_EXECUTABLE_FOLDER_PATH)/SampleNeumorphism";
			};
			name = Release;
		};
		FC655D0028EDE4A200C1B4AB /* Debug */ = {
			isa = XCBuildConfiguration;
			buildSettings = {
				ALWAYS_EMBED_SWIFT_STANDARD_LIBRARIES = YES;
				CODE_SIGN_STYLE = Automatic;
				CURRENT_PROJECT_VERSION = 1;
				DEVELOPMENT_TEAM = D2LPL47T23;
				GENERATE_INFOPLIST_FILE = YES;
				MARKETING_VERSION = 1.0;
				PRODUCT_BUNDLE_IDENTIFIER = com.tanaka.SampleNeumorphismUITests;
				PRODUCT_NAME = "$(TARGET_NAME)";
				SWIFT_EMIT_LOC_STRINGS = NO;
				SWIFT_VERSION = 5.0;
				TARGETED_DEVICE_FAMILY = "1,2";
				TEST_TARGET_NAME = SampleNeumorphism;
			};
			name = Debug;
		};
		FC655D0128EDE4A200C1B4AB /* Release */ = {
			isa = XCBuildConfiguration;
			buildSettings = {
				ALWAYS_EMBED_SWIFT_STANDARD_LIBRARIES = YES;
				CODE_SIGN_STYLE = Automatic;
				CURRENT_PROJECT_VERSION = 1;
				DEVELOPMENT_TEAM = D2LPL47T23;
				GENERATE_INFOPLIST_FILE = YES;
				MARKETING_VERSION = 1.0;
				PRODUCT_BUNDLE_IDENTIFIER = com.tanaka.SampleNeumorphismUITests;
				PRODUCT_NAME = "$(TARGET_NAME)";
				SWIFT_EMIT_LOC_STRINGS = NO;
				SWIFT_VERSION = 5.0;
				TARGETED_DEVICE_FAMILY = "1,2";
				TEST_TARGET_NAME = SampleNeumorphism;
			};
			name = Release;
		};
/* End XCBuildConfiguration section */

/* Begin XCConfigurationList section */
		FC655CD028EDE49B00C1B4AB /* Build configuration list for PBXProject "SampleNeumorphism" */ = {
			isa = XCConfigurationList;
			buildConfigurations = (
				FC655CF728EDE4A200C1B4AB /* Debug */,
				FC655CF828EDE4A200C1B4AB /* Release */,
			);
			defaultConfigurationIsVisible = 0;
			defaultConfigurationName = Release;
		};
		FC655CF928EDE4A200C1B4AB /* Build configuration list for PBXNativeTarget "SampleNeumorphism" */ = {
			isa = XCConfigurationList;
			buildConfigurations = (
				FC655CFA28EDE4A200C1B4AB /* Debug */,
				FC655CFB28EDE4A200C1B4AB /* Release */,
			);
			defaultConfigurationIsVisible = 0;
			defaultConfigurationName = Release;
		};
		FC655CFC28EDE4A200C1B4AB /* Build configuration list for PBXNativeTarget "SampleNeumorphismTests" */ = {
			isa = XCConfigurationList;
			buildConfigurations = (
				FC655CFD28EDE4A200C1B4AB /* Debug */,
				FC655CFE28EDE4A200C1B4AB /* Release */,
			);
			defaultConfigurationIsVisible = 0;
			defaultConfigurationName = Release;
		};
		FC655CFF28EDE4A200C1B4AB /* Build configuration list for PBXNativeTarget "SampleNeumorphismUITests" */ = {
			isa = XCConfigurationList;
			buildConfigurations = (
				FC655D0028EDE4A200C1B4AB /* Debug */,
				FC655D0128EDE4A200C1B4AB /* Release */,
			);
			defaultConfigurationIsVisible = 0;
			defaultConfigurationName = Release;
		};
/* End XCConfigurationList section */
	};
	rootObject = FC655CCD28EDE49B00C1B4AB /* Project object */;
}
